{
  "name": "assets",
  "lockfileVersion": 3,
  "requires": true,
  "packages": {
    "": {
      "dependencies": {
        "easymde": "^2.19.0",
        "trix": "^2.1.12"
      }
    },
    "node_modules/@types/codemirror": {
      "version": "5.60.15",
      "resolved": "https://registry.npmjs.org/@types/codemirror/-/codemirror-5.60.15.tgz",
      "integrity": "sha512-dTOvwEQ+ouKJ/rE9LT1Ue2hmP6H1mZv5+CCnNWu2qtiOe2LQa9lCprEY20HxiDmV/Bxh+dXjywmy5aKvoGjULA==",
      "license": "MIT",
      "dependencies": {
        "@types/tern": "*"
      }
    },
    "node_modules/@types/estree": {
      "version": "1.0.6",
      "resolved": "https://registry.npmjs.org/@types/estree/-/estree-1.0.6.tgz",
      "integrity": "sha512-AYnb1nQyY49te+VRAVgmzfcgjYS91mY5P0TKUDCLEM+gNnA+3T6rWITXRLYCpahpqSQbN5cE+gHpnPyXjHWxcw==",
      "license": "MIT"
    },
    "node_modules/@types/marked": {
      "version": "4.3.2",
      "resolved": "https://registry.npmjs.org/@types/marked/-/marked-4.3.2.tgz",
      "integrity": "sha512-a79Yc3TOk6dGdituy8hmTTJXjOkZ7zsFYV10L337ttq/rec8lRMDBpV7fL3uLx6TgbFCa5DU/h8FmIBQPSbU0w==",
      "license": "MIT"
    },
    "node_modules/@types/tern": {
      "version": "0.23.9",
      "resolved": "https://registry.npmjs.org/@types/tern/-/tern-0.23.9.tgz",
      "integrity": "sha512-ypzHFE/wBzh+BlH6rrBgS5I/Z7RD21pGhZ2rltb/+ZrVM1awdZwjx7hE5XfuYgHWk9uvV5HLZN3SloevCAp3Bw==",
      "license": "MIT",
      "dependencies": {
        "@types/estree": "*"
      }
    },
    "node_modules/@types/trusted-types": {
      "version": "2.0.7",
      "resolved": "https://registry.npmjs.org/@types/trusted-types/-/trusted-types-2.0.7.tgz",
      "integrity": "sha512-ScaPdn1dQczgbl0QFTeTOmVHFULt394XJgOQNoyVhZ6r2vLnMLJfBPd53SB52T/3G36VI1/g2MZaX0cwDuXsfw==",
      "license": "MIT",
      "optional": true
    },
    "node_modules/codemirror": {
      "version": "5.65.18",
      "resolved": "https://registry.npmjs.org/codemirror/-/codemirror-5.65.18.tgz",
      "integrity": "sha512-Gaz4gHnkbHMGgahNt3CA5HBk5lLQBqmD/pBgeB4kQU6OedZmqMBjlRF0LSrp2tJ4wlLNPm2FfaUd1pDy0mdlpA==",
      "license": "MIT"
    },
    "node_modules/codemirror-spell-checker": {
      "version": "1.1.2",
      "resolved": "https://registry.npmjs.org/codemirror-spell-checker/-/codemirror-spell-checker-1.1.2.tgz",
      "integrity": "sha512-2Tl6n0v+GJRsC9K3MLCdLaMOmvWL0uukajNJseorZJsslaxZyZMgENocPU8R0DyoTAiKsyqiemSOZo7kjGV0LQ==",
      "license": "MIT",
      "dependencies": {
        "typo-js": "*"
      }
    },
    "node_modules/dompurify": {
      "version": "3.2.4",
      "resolved": "https://registry.npmjs.org/dompurify/-/dompurify-3.2.4.tgz",
      "integrity": "sha512-ysFSFEDVduQpyhzAob/kkuJjf5zWkZD8/A9ywSp1byueyuCfHamrCBa14/Oc2iiB0e51B+NpxSl5gmzn+Ms/mg==",
      "license": "(MPL-2.0 OR Apache-2.0)",
      "optionalDependencies": {
        "@types/trusted-types": "^2.0.7"
      }
    },
    "node_modules/easymde": {
      "version": "2.19.0",
      "resolved": "https://registry.npmjs.org/easymde/-/easymde-2.19.0.tgz",
      "integrity": "sha512-4F1aNImqse+9xIjLh9ttfpOVenecjFPxUmKbl1tGp72Z+OyIqLZPE/SgNyy88c/xU0mOy0WC3+tfbZDQ5PDWhg==",
      "license": "MIT",
      "dependencies": {
        "@types/codemirror": "^5.60.10",
        "@types/marked": "^4.0.7",
        "codemirror": "^5.65.15",
        "codemirror-spell-checker": "1.1.2",
        "marked": "^4.1.0"
      }
    },
    "node_modules/marked": {
      "version": "4.3.0",
      "resolved": "https://registry.npmjs.org/marked/-/marked-4.3.0.tgz",
      "integrity": "sha512-PRsaiG84bK+AMvxziE/lCFss8juXjNaWzVbN5tXAm4XjeaS9NAHhop+PjQxz2A9h8Q4M/xGmzP8vqNwy6JeK0A==",
      "license": "MIT",
      "bin": {
        "marked": "bin/marked.js"
      },
      "engines": {
        "node": ">= 12"
      }
    },
    "node_modules/trix": {
      "version": "2.1.12",
      "resolved": "https://registry.npmjs.org/trix/-/trix-2.1.12.tgz",
      "integrity": "sha512-0hQvJdy257XuzRdCzSQ/QvcqyTp+8ixMxVLWxSbWvEzD2kgKFlcrMjgWZbtVkJENaod+jm2sBTOWAZVNWK+DMA==",
      "license": "MIT",
      "dependencies": {
        "dompurify": "^3.2.3"
      }
    },
    "node_modules/typo-js": {
      "version": "1.2.5",
      "resolved": "https://registry.npmjs.org/typo-js/-/typo-js-1.2.5.tgz",
      "integrity": "sha512-F45vFWdGX8xahIk/sOp79z2NJs8ETMYsmMChm9D5Hlx3+9j7VnCyQyvij5MOCrNY3NNe8noSyokRjQRfq+Bc7A==",
      "license": "BSD-3-Clause"
    }
  }
}
